{
	"name": "galileo",
	"version": "0.3.0",
	"lockfileVersion": 3,
	"requires": true,
	"packages": {
		"": {
			"name": "galileo",
			"version": "0.3.0",
			"dependencies": {
				"xo-toolbar": "file:../xo-toolbar"
			},
			"bin": {
				"galileo": "src/server.mjs"
			},
			"engines": {
				"node": ">=20"
			}
		},
		"../xo-toolbar": {
			"version": "0.2.0",
			"engines": {
				"node": ">=20"
			}
		},
		"node_modules/xo-toolbar": {
			"resolved": "../xo-toolbar",
			"link": true
		}
	}
}
